
Microsoft Visual Studio Solution File, Format Version 12.00
# Visual Studio Version 17
VisualStudioVersion = 17.1.32319.34
MinimumVisualStudioVersion = 10.0.40219.1
Project("{FAE04EC0-301F-11D3-BF4B-00C04F79EFBC}") = "TelephoneDirectory", "TelephoneDirectory\TelephoneDirectory.csproj", "{263BD4BC-14B5-433C-AFA6-2AF5A8B9D8FF}"
EndProject
Global
	GlobalSection(SolutionConfigurationPlatforms) = preSolution
		Debug|Any CPU = Debug|Any CPU
		Release|Any CPU = Release|Any CPU
	EndGlobalSection
	GlobalSection(ProjectConfigurationPlatforms) = postSolution
		{263BD4BC-14B5-433C-AFA6-2AF5A8B9D8FF}.Debug|Any CPU.ActiveCfg = Debug|Any CPU
		{263BD4BC-14B5-433C-AFA6-2AF5A8B9D8FF}.Debug|Any CPU.Build.0 = Debug|Any CPU
		{263BD4BC-14B5-433C-AFA6-2AF5A8B9D8FF}.Release|Any CPU.ActiveCfg = Release|Any CPU
		{263BD4BC-14B5-433C-AFA6-2AF5A8B9D8FF}.Release|Any CPU.Build.0 = Release|Any CPU
	EndGlobalSection
	GlobalSection(SolutionProperties) = preSolution
		HideSolutionNode = FALSE
	EndGlobalSection
	GlobalSection(ExtensibilityGlobals) = postSolution
		SolutionGuid = {8A7C14F5-9723-4E0E-8A82-E8C292F584C5}
	EndGlobalSection
EndGlobal
